
Microsoft Visual Studio Solution File, Format Version 12.00
# SQL Server Management Studio Version 21
VisualStudioVersion = 17.14.36408.4
MinimumVisualStudioVersion = 10.0.40219.1
Project("{4F2E2C19-372F-40D8-9FA7-9D2138C6997A}") = "Com5600_G12", "Com5600_G12\Com5600_G12.ssmssqlproj", "{D4663689-4815-601B-DF07-02E8A6F58225}"
EndProject
Global
	GlobalSection(SolutionConfigurationPlatforms) = preSolution
		Default|Default = Default|Default
	EndGlobalSection
	GlobalSection(ProjectConfigurationPlatforms) = postSolution
		{D4663689-4815-601B-DF07-02E8A6F58225}.Default|Default.ActiveCfg = Default
		{52AA81F3-72EC-4174-BA2B-E4A35C056927}.Default|Default.ActiveCfg = Default
	EndGlobalSection
	GlobalSection(SolutionProperties) = preSolution
		HideSolutionNode = FALSE
	EndGlobalSection
	GlobalSection(ExtensibilityGlobals) = postSolution
		SolutionGuid = {CED8035D-08EE-44AF-8684-902231414FE9}
	EndGlobalSection
EndGlobal
